
Microsoft Visual Studio Solution File, Format Version 12.00
# Visual Studio Version 17
VisualStudioVersion = 17.14.36310.24
MinimumVisualStudioVersion = 10.0.40219.1
Project("{FAE04EC0-301F-11D3-BF4B-00C04F79EFBC}") = "MyBlazorApp", "MyBlazorApp\MyBlazorApp.csproj", "{4DFB3869-E2FC-4654-8B1D-3072E356CC73}"
EndProject
Global
	GlobalSection(SolutionConfigurationPlatforms) = preSolution
		Debug|Any CPU = Debug|Any CPU
		Release|Any CPU = Release|Any CPU
	EndGlobalSection
	GlobalSection(ProjectConfigurationPlatforms) = postSolution
		{4DFB3869-E2FC-4654-8B1D-3072E356CC73}.Debug|Any CPU.ActiveCfg = Debug|Any CPU
		{4DFB3869-E2FC-4654-8B1D-3072E356CC73}.Debug|Any CPU.Build.0 = Debug|Any CPU
		{4DFB3869-E2FC-4654-8B1D-3072E356CC73}.Release|Any CPU.ActiveCfg = Release|Any CPU
		{4DFB3869-E2FC-4654-8B1D-3072E356CC73}.Release|Any CPU.Build.0 = Release|Any CPU
	EndGlobalSection
	GlobalSection(SolutionProperties) = preSolution
		HideSolutionNode = FALSE
	EndGlobalSection
	GlobalSection(ExtensibilityGlobals) = postSolution
		SolutionGuid = {97B0323C-0F29-448F-B4F1-C6E6901560E9}
	EndGlobalSection
EndGlobal
